
Microsoft Visual Studio Solution File, Format Version 12.00
# Visual Studio Version 17
VisualStudioVersion = 17.10.35027.167
MinimumVisualStudioVersion = 10.0.40219.1
Project("{FAE04EC0-301F-11D3-BF4B-00C04F79EFBC}") = "CSApp.WPF.Calculator", "CSApp.WPF.Calculator.csproj", "{AC7E733C-286A-442A-B706-F844373F4F8A}"
EndProject
Global
	GlobalSection(SolutionConfigurationPlatforms) = preSolution
		Debug|Any CPU = Debug|Any CPU
		Release|Any CPU = Release|Any CPU
	EndGlobalSection
	GlobalSection(ProjectConfigurationPlatforms) = postSolution
		{AC7E733C-286A-442A-B706-F844373F4F8A}.Debug|Any CPU.ActiveCfg = Debug|Any CPU
		{AC7E733C-286A-442A-B706-F844373F4F8A}.Debug|Any CPU.Build.0 = Debug|Any CPU
		{AC7E733C-286A-442A-B706-F844373F4F8A}.Release|Any CPU.ActiveCfg = Release|Any CPU
		{AC7E733C-286A-442A-B706-F844373F4F8A}.Release|Any CPU.Build.0 = Release|Any CPU
	EndGlobalSection
	GlobalSection(SolutionProperties) = preSolution
		HideSolutionNode = FALSE
	EndGlobalSection
	GlobalSection(ExtensibilityGlobals) = postSolution
		SolutionGuid = {74B1B017-EDA2-4D10-B027-E3C56D7726F4}
	EndGlobalSection
EndGlobal
